
Microsoft Visual Studio Solution File, Format Version 12.00
# Visual Studio 15
VisualStudioVersion = 15.0.27130.2024
MinimumVisualStudioVersion = 10.0.40219.1
Project("{9A19103F-16F7-4668-BE54-9A1E7A4F7556}") = "odetofood", "odetofood\odetofood.csproj", "{05B445AF-948F-4091-9227-0A2B55710331}"
EndProject
Global
	GlobalSection(SolutionConfigurationPlatforms) = preSolution
		Debug|Any CPU = Debug|Any CPU
		Release|Any CPU = Release|Any CPU
	EndGlobalSection
	GlobalSection(ProjectConfigurationPlatforms) = postSolution
		{05B445AF-948F-4091-9227-0A2B55710331}.Debug|Any CPU.ActiveCfg = Debug|Any CPU
		{05B445AF-948F-4091-9227-0A2B55710331}.Debug|Any CPU.Build.0 = Debug|Any CPU
		{05B445AF-948F-4091-9227-0A2B55710331}.Release|Any CPU.ActiveCfg = Release|Any CPU
		{05B445AF-948F-4091-9227-0A2B55710331}.Release|Any CPU.Build.0 = Release|Any CPU
	EndGlobalSection
	GlobalSection(SolutionProperties) = preSolution
		HideSolutionNode = FALSE
	EndGlobalSection
	GlobalSection(ExtensibilityGlobals) = postSolution
		SolutionGuid = {900966F0-3A0E-461A-80CC-EEB20AA3A4E3}
	EndGlobalSection
EndGlobal
